
Microsoft Visual Studio Solution File, Format Version 12.00
# Visual Studio Version 17
VisualStudioVersion = 17.0.31717.71
MinimumVisualStudioVersion = 10.0.40219.1
Project("{9A19103F-16F7-4668-BE54-9A1E7A4F7556}") = "ToListToArrayBenchmark", "ToListToArrayBenchmark\ToListToArrayBenchmark.csproj", "{2F5CD5EA-0647-41D2-8D2A-271C9B9797E4}"
EndProject
Project("{9A19103F-16F7-4668-BE54-9A1E7A4F7556}") = "OneOfExceptionBenchmark", "OneOfExceptionBenchmark\OneOfExceptionBenchmark.csproj", "{BE5FE3BB-AA76-4E6C-B147-70AD968DEC6B}"
EndProject
Project("{9A19103F-16F7-4668-BE54-9A1E7A4F7556}") = "ClassRecordStructRecord", "ClassRecordStructRecord\ClassRecordStructRecord.csproj", "{844E2B10-3F1C-446B-8950-29516C2259E1}"
EndProject
Project("{9A19103F-16F7-4668-BE54-9A1E7A4F7556}") = "EmptyListArrayBenchmark", "EmptyListArrayBenchmark\EmptyListArrayBenchmark.csproj", "{794A0720-6EDF-409F-BB56-1334E00BE55A}"
EndProject
Project("{9A19103F-16F7-4668-BE54-9A1E7A4F7556}") = "IndexOfBenchmark", "IndexOfBenchmark\IndexOfBenchmark.csproj", "{0E899E77-506B-4A4C-94D1-04905E32E402}"
EndProject
Project("{9A19103F-16F7-4668-BE54-9A1E7A4F7556}") = "ListVsImmutableList", "ListVsImmutableList\ListVsImmutableList.csproj", "{8D7085B2-C53A-45C4-95EA-67EE48F869C9}"
EndProject
Project("{FAE04EC0-301F-11D3-BF4B-00C04F79EFBC}") = "HashComparision", "HashComparision\HashComparision.csproj", "{4335493B-E75C-4544-B311-973C818B5CD4}"
EndProject
Project("{FAE04EC0-301F-11D3-BF4B-00C04F79EFBC}") = "NullComparison", "NullComparison\NullComparison.csproj", "{603EB543-FDDC-44F8-A7BD-DFC104A1CDED}"
EndProject
Project("{FAE04EC0-301F-11D3-BF4B-00C04F79EFBC}") = "ArraySizeListSize", "ArraySizeListSize\ArraySizeListSize.csproj", "{D6CFA819-0DD0-469D-9749-DB21704F1E0A}"
EndProject
Project("{FAE04EC0-301F-11D3-BF4B-00C04F79EFBC}") = "GuardClausesTest", "GuardClausesTest\GuardClausesTest.csproj", "{99C6C76D-3848-4043-868D-5BEAF5981E16}"
EndProject
Project("{FAE04EC0-301F-11D3-BF4B-00C04F79EFBC}") = "ByteArrayMemoryConsumption", "ByteArrayMemoryConsumption\ByteArrayMemoryConsumption.csproj", "{8F4898DD-0959-4429-B337-0EA0BE8A6DA2}"
EndProject
Global
	GlobalSection(SolutionConfigurationPlatforms) = preSolution
		Debug|Any CPU = Debug|Any CPU
		Release|Any CPU = Release|Any CPU
	EndGlobalSection
	GlobalSection(ProjectConfigurationPlatforms) = postSolution
		{2F5CD5EA-0647-41D2-8D2A-271C9B9797E4}.Debug|Any CPU.ActiveCfg = Debug|Any CPU
		{2F5CD5EA-0647-41D2-8D2A-271C9B9797E4}.Debug|Any CPU.Build.0 = Debug|Any CPU
		{2F5CD5EA-0647-41D2-8D2A-271C9B9797E4}.Release|Any CPU.ActiveCfg = Release|Any CPU
		{2F5CD5EA-0647-41D2-8D2A-271C9B9797E4}.Release|Any CPU.Build.0 = Release|Any CPU
		{BE5FE3BB-AA76-4E6C-B147-70AD968DEC6B}.Debug|Any CPU.ActiveCfg = Debug|Any CPU
		{BE5FE3BB-AA76-4E6C-B147-70AD968DEC6B}.Debug|Any CPU.Build.0 = Debug|Any CPU
		{BE5FE3BB-AA76-4E6C-B147-70AD968DEC6B}.Release|Any CPU.ActiveCfg = Release|Any CPU
		{BE5FE3BB-AA76-4E6C-B147-70AD968DEC6B}.Release|Any CPU.Build.0 = Release|Any CPU
		{844E2B10-3F1C-446B-8950-29516C2259E1}.Debug|Any CPU.ActiveCfg = Debug|Any CPU
		{844E2B10-3F1C-446B-8950-29516C2259E1}.Debug|Any CPU.Build.0 = Debug|Any CPU
		{844E2B10-3F1C-446B-8950-29516C2259E1}.Release|Any CPU.ActiveCfg = Release|Any CPU
		{844E2B10-3F1C-446B-8950-29516C2259E1}.Release|Any CPU.Build.0 = Release|Any CPU
		{794A0720-6EDF-409F-BB56-1334E00BE55A}.Debug|Any CPU.ActiveCfg = Debug|Any CPU
		{794A0720-6EDF-409F-BB56-1334E00BE55A}.Debug|Any CPU.Build.0 = Debug|Any CPU
		{794A0720-6EDF-409F-BB56-1334E00BE55A}.Release|Any CPU.ActiveCfg = Release|Any CPU
		{794A0720-6EDF-409F-BB56-1334E00BE55A}.Release|Any CPU.Build.0 = Release|Any CPU
		{0E899E77-506B-4A4C-94D1-04905E32E402}.Debug|Any CPU.ActiveCfg = Debug|Any CPU
		{0E899E77-506B-4A4C-94D1-04905E32E402}.Debug|Any CPU.Build.0 = Debug|Any CPU
		{0E899E77-506B-4A4C-94D1-04905E32E402}.Release|Any CPU.ActiveCfg = Release|Any CPU
		{0E899E77-506B-4A4C-94D1-04905E32E402}.Release|Any CPU.Build.0 = Release|Any CPU
		{8D7085B2-C53A-45C4-95EA-67EE48F869C9}.Debug|Any CPU.ActiveCfg = Debug|Any CPU
		{8D7085B2-C53A-45C4-95EA-67EE48F869C9}.Debug|Any CPU.Build.0 = Debug|Any CPU
		{8D7085B2-C53A-45C4-95EA-67EE48F869C9}.Release|Any CPU.ActiveCfg = Release|Any CPU
		{8D7085B2-C53A-45C4-95EA-67EE48F869C9}.Release|Any CPU.Build.0 = Release|Any CPU
		{4335493B-E75C-4544-B311-973C818B5CD4}.Debug|Any CPU.ActiveCfg = Debug|Any CPU
		{4335493B-E75C-4544-B311-973C818B5CD4}.Debug|Any CPU.Build.0 = Debug|Any CPU
		{4335493B-E75C-4544-B311-973C818B5CD4}.Release|Any CPU.ActiveCfg = Release|Any CPU
		{4335493B-E75C-4544-B311-973C818B5CD4}.Release|Any CPU.Build.0 = Release|Any CPU
		{603EB543-FDDC-44F8-A7BD-DFC104A1CDED}.Debug|Any CPU.ActiveCfg = Debug|Any CPU
		{603EB543-FDDC-44F8-A7BD-DFC104A1CDED}.Debug|Any CPU.Build.0 = Debug|Any CPU
		{603EB543-FDDC-44F8-A7BD-DFC104A1CDED}.Release|Any CPU.ActiveCfg = Release|Any CPU
		{603EB543-FDDC-44F8-A7BD-DFC104A1CDED}.Release|Any CPU.Build.0 = Release|Any CPU
		{D6CFA819-0DD0-469D-9749-DB21704F1E0A}.Debug|Any CPU.ActiveCfg = Debug|Any CPU
		{D6CFA819-0DD0-469D-9749-DB21704F1E0A}.Debug|Any CPU.Build.0 = Debug|Any CPU
		{D6CFA819-0DD0-469D-9749-DB21704F1E0A}.Release|Any CPU.ActiveCfg = Release|Any CPU
		{D6CFA819-0DD0-469D-9749-DB21704F1E0A}.Release|Any CPU.Build.0 = Release|Any CPU
		{99C6C76D-3848-4043-868D-5BEAF5981E16}.Debug|Any CPU.ActiveCfg = Debug|Any CPU
		{99C6C76D-3848-4043-868D-5BEAF5981E16}.Debug|Any CPU.Build.0 = Debug|Any CPU
		{99C6C76D-3848-4043-868D-5BEAF5981E16}.Release|Any CPU.ActiveCfg = Release|Any CPU
		{99C6C76D-3848-4043-868D-5BEAF5981E16}.Release|Any CPU.Build.0 = Release|Any CPU
		{8F4898DD-0959-4429-B337-0EA0BE8A6DA2}.Debug|Any CPU.ActiveCfg = Debug|Any CPU
		{8F4898DD-0959-4429-B337-0EA0BE8A6DA2}.Debug|Any CPU.Build.0 = Debug|Any CPU
		{8F4898DD-0959-4429-B337-0EA0BE8A6DA2}.Release|Any CPU.ActiveCfg = Release|Any CPU
		{8F4898DD-0959-4429-B337-0EA0BE8A6DA2}.Release|Any CPU.Build.0 = Release|Any CPU
	EndGlobalSection
	GlobalSection(SolutionProperties) = preSolution
		HideSolutionNode = FALSE
	EndGlobalSection
	GlobalSection(ExtensibilityGlobals) = postSolution
		SolutionGuid = {E1FCCB56-84F3-4362-A032-30C7EE135129}
	EndGlobalSection
EndGlobal
